
Microsoft Visual Studio Solution File, Format Version 12.00
# Visual Studio Version 17
VisualStudioVersion = 17.2.32602.215
MinimumVisualStudioVersion = 10.0.40219.1
Project("{FAE04EC0-301F-11D3-BF4B-00C04F79EFBC}") = "Gestion", "Gestion\Gestion.csproj", "{49F3CADF-EB25-495A-84FA-F1526CE8C895}"
	ProjectSection(ProjectDependencies) = postProject
		{8C16450D-6430-4D37-A4E5-99154E2DB775} = {8C16450D-6430-4D37-A4E5-99154E2DB775}
	EndProjectSection
EndProject
Project("{FAE04EC0-301F-11D3-BF4B-00C04F79EFBC}") = "backend", "backend\backend.csproj", "{8C16450D-6430-4D37-A4E5-99154E2DB775}"
EndProject
Global
	GlobalSection(SolutionConfigurationPlatforms) = preSolution
		Debug|Any CPU = Debug|Any CPU
		Release|Any CPU = Release|Any CPU
	EndGlobalSection
	GlobalSection(ProjectConfigurationPlatforms) = postSolution
		{49F3CADF-EB25-495A-84FA-F1526CE8C895}.Debug|Any CPU.ActiveCfg = Debug|Any CPU
		{49F3CADF-EB25-495A-84FA-F1526CE8C895}.Debug|Any CPU.Build.0 = Debug|Any CPU
		{49F3CADF-EB25-495A-84FA-F1526CE8C895}.Release|Any CPU.ActiveCfg = Release|Any CPU
		{49F3CADF-EB25-495A-84FA-F1526CE8C895}.Release|Any CPU.Build.0 = Release|Any CPU
		{8C16450D-6430-4D37-A4E5-99154E2DB775}.Debug|Any CPU.ActiveCfg = Debug|Any CPU
		{8C16450D-6430-4D37-A4E5-99154E2DB775}.Debug|Any CPU.Build.0 = Debug|Any CPU
		{8C16450D-6430-4D37-A4E5-99154E2DB775}.Release|Any CPU.ActiveCfg = Release|Any CPU
		{8C16450D-6430-4D37-A4E5-99154E2DB775}.Release|Any CPU.Build.0 = Release|Any CPU
	EndGlobalSection
	GlobalSection(SolutionProperties) = preSolution
		HideSolutionNode = FALSE
	EndGlobalSection
	GlobalSection(ExtensibilityGlobals) = postSolution
		SolutionGuid = {3A74B5E8-A9BE-45C2-AF1F-C003EA69795C}
	EndGlobalSection
EndGlobal
